
Microsoft Visual Studio Solution File, Format Version 12.00
# Visual Studio 15
VisualStudioVersion = 15.0.26124.0
MinimumVisualStudioVersion = 15.0.26124.0
Project("{FAE04EC0-301F-11D3-BF4B-00C04F79EFBC}") = "Domain", "Domain\Domain.csproj", "{C7BE5E2D-B8B3-4D11-81B5-228B91540BE2}"
EndProject
Project("{FAE04EC0-301F-11D3-BF4B-00C04F79EFBC}") = "Application", "Application\Application.csproj", "{EAEB789B-F8D4-43FF-9969-BFF8E04C05A7}"
EndProject
Project("{FAE04EC0-301F-11D3-BF4B-00C04F79EFBC}") = "Persistence", "Persistence\Persistence.csproj", "{D96C61B2-89CC-4909-8938-1B7AFE718965}"
EndProject
Project("{FAE04EC0-301F-11D3-BF4B-00C04F79EFBC}") = "API", "API\API.csproj", "{EC6A1A3E-EACD-4132-BC4C-29DEAF84CF87}"
EndProject
Global
	GlobalSection(SolutionConfigurationPlatforms) = preSolution
		Debug|Any CPU = Debug|Any CPU
		Debug|x64 = Debug|x64
		Debug|x86 = Debug|x86
		Release|Any CPU = Release|Any CPU
		Release|x64 = Release|x64
		Release|x86 = Release|x86
	EndGlobalSection
	GlobalSection(SolutionProperties) = preSolution
		HideSolutionNode = FALSE
	EndGlobalSection
	GlobalSection(ProjectConfigurationPlatforms) = postSolution
		{C7BE5E2D-B8B3-4D11-81B5-228B91540BE2}.Debug|Any CPU.ActiveCfg = Debug|Any CPU
		{C7BE5E2D-B8B3-4D11-81B5-228B91540BE2}.Debug|Any CPU.Build.0 = Debug|Any CPU
		{C7BE5E2D-B8B3-4D11-81B5-228B91540BE2}.Debug|x64.ActiveCfg = Debug|Any CPU
		{C7BE5E2D-B8B3-4D11-81B5-228B91540BE2}.Debug|x64.Build.0 = Debug|Any CPU
		{C7BE5E2D-B8B3-4D11-81B5-228B91540BE2}.Debug|x86.ActiveCfg = Debug|Any CPU
		{C7BE5E2D-B8B3-4D11-81B5-228B91540BE2}.Debug|x86.Build.0 = Debug|Any CPU
		{C7BE5E2D-B8B3-4D11-81B5-228B91540BE2}.Release|Any CPU.ActiveCfg = Release|Any CPU
		{C7BE5E2D-B8B3-4D11-81B5-228B91540BE2}.Release|Any CPU.Build.0 = Release|Any CPU
		{C7BE5E2D-B8B3-4D11-81B5-228B91540BE2}.Release|x64.ActiveCfg = Release|Any CPU
		{C7BE5E2D-B8B3-4D11-81B5-228B91540BE2}.Release|x64.Build.0 = Release|Any CPU
		{C7BE5E2D-B8B3-4D11-81B5-228B91540BE2}.Release|x86.ActiveCfg = Release|Any CPU
		{C7BE5E2D-B8B3-4D11-81B5-228B91540BE2}.Release|x86.Build.0 = Release|Any CPU
		{EAEB789B-F8D4-43FF-9969-BFF8E04C05A7}.Debug|Any CPU.ActiveCfg = Debug|Any CPU
		{EAEB789B-F8D4-43FF-9969-BFF8E04C05A7}.Debug|Any CPU.Build.0 = Debug|Any CPU
		{EAEB789B-F8D4-43FF-9969-BFF8E04C05A7}.Debug|x64.ActiveCfg = Debug|Any CPU
		{EAEB789B-F8D4-43FF-9969-BFF8E04C05A7}.Debug|x64.Build.0 = Debug|Any CPU
		{EAEB789B-F8D4-43FF-9969-BFF8E04C05A7}.Debug|x86.ActiveCfg = Debug|Any CPU
		{EAEB789B-F8D4-43FF-9969-BFF8E04C05A7}.Debug|x86.Build.0 = Debug|Any CPU
		{EAEB789B-F8D4-43FF-9969-BFF8E04C05A7}.Release|Any CPU.ActiveCfg = Release|Any CPU
		{EAEB789B-F8D4-43FF-9969-BFF8E04C05A7}.Release|Any CPU.Build.0 = Release|Any CPU
		{EAEB789B-F8D4-43FF-9969-BFF8E04C05A7}.Release|x64.ActiveCfg = Release|Any CPU
		{EAEB789B-F8D4-43FF-9969-BFF8E04C05A7}.Release|x64.Build.0 = Release|Any CPU
		{EAEB789B-F8D4-43FF-9969-BFF8E04C05A7}.Release|x86.ActiveCfg = Release|Any CPU
		{EAEB789B-F8D4-43FF-9969-BFF8E04C05A7}.Release|x86.Build.0 = Release|Any CPU
		{D96C61B2-89CC-4909-8938-1B7AFE718965}.Debug|Any CPU.ActiveCfg = Debug|Any CPU
		{D96C61B2-89CC-4909-8938-1B7AFE718965}.Debug|Any CPU.Build.0 = Debug|Any CPU
		{D96C61B2-89CC-4909-8938-1B7AFE718965}.Debug|x64.ActiveCfg = Debug|Any CPU
		{D96C61B2-89CC-4909-8938-1B7AFE718965}.Debug|x64.Build.0 = Debug|Any CPU
		{D96C61B2-89CC-4909-8938-1B7AFE718965}.Debug|x86.ActiveCfg = Debug|Any CPU
		{D96C61B2-89CC-4909-8938-1B7AFE718965}.Debug|x86.Build.0 = Debug|Any CPU
		{D96C61B2-89CC-4909-8938-1B7AFE718965}.Release|Any CPU.ActiveCfg = Release|Any CPU
		{D96C61B2-89CC-4909-8938-1B7AFE718965}.Release|Any CPU.Build.0 = Release|Any CPU
		{D96C61B2-89CC-4909-8938-1B7AFE718965}.Release|x64.ActiveCfg = Release|Any CPU
		{D96C61B2-89CC-4909-8938-1B7AFE718965}.Release|x64.Build.0 = Release|Any CPU
		{D96C61B2-89CC-4909-8938-1B7AFE718965}.Release|x86.ActiveCfg = Release|Any CPU
		{D96C61B2-89CC-4909-8938-1B7AFE718965}.Release|x86.Build.0 = Release|Any CPU
		{EC6A1A3E-EACD-4132-BC4C-29DEAF84CF87}.Debug|Any CPU.ActiveCfg = Debug|Any CPU
		{EC6A1A3E-EACD-4132-BC4C-29DEAF84CF87}.Debug|Any CPU.Build.0 = Debug|Any CPU
		{EC6A1A3E-EACD-4132-BC4C-29DEAF84CF87}.Debug|x64.ActiveCfg = Debug|Any CPU
		{EC6A1A3E-EACD-4132-BC4C-29DEAF84CF87}.Debug|x64.Build.0 = Debug|Any CPU
		{EC6A1A3E-EACD-4132-BC4C-29DEAF84CF87}.Debug|x86.ActiveCfg = Debug|Any CPU
		{EC6A1A3E-EACD-4132-BC4C-29DEAF84CF87}.Debug|x86.Build.0 = Debug|Any CPU
		{EC6A1A3E-EACD-4132-BC4C-29DEAF84CF87}.Release|Any CPU.ActiveCfg = Release|Any CPU
		{EC6A1A3E-EACD-4132-BC4C-29DEAF84CF87}.Release|Any CPU.Build.0 = Release|Any CPU
		{EC6A1A3E-EACD-4132-BC4C-29DEAF84CF87}.Release|x64.ActiveCfg = Release|Any CPU
		{EC6A1A3E-EACD-4132-BC4C-29DEAF84CF87}.Release|x64.Build.0 = Release|Any CPU
		{EC6A1A3E-EACD-4132-BC4C-29DEAF84CF87}.Release|x86.ActiveCfg = Release|Any CPU
		{EC6A1A3E-EACD-4132-BC4C-29DEAF84CF87}.Release|x86.Build.0 = Release|Any CPU
	EndGlobalSection
EndGlobal
